
Microsoft Visual Studio Solution File, Format Version 12.00
# Visual Studio Version 17
VisualStudioVersion = 17.2.32210.308
MinimumVisualStudioVersion = 10.0.40219.1
Project("{9A19103F-16F7-4668-BE54-9A1E7A4F7556}") = "AMFramework", "AMFramework\AMFramework.csproj", "{43C84DA8-985E-46AE-8603-7B2F76F5C12E}"
EndProject
Project("{9A19103F-16F7-4668-BE54-9A1E7A4F7556}") = "AMFRamework_Components", "AMFRamework_Components\AMFRamework_Components.csproj", "{04D927BC-F1EC-4F0D-A0FF-CC8FB0D33906}"
EndProject
Project("{5697748A-77EF-44CA-8824-4F5637E5945B}") = "lua", "AMFramework\lua.luaproj", "{E439935D-B2A2-46AE-856D-2AA408428F33}"
EndProject
Global
	GlobalSection(SolutionConfigurationPlatforms) = preSolution
		Debug|Any CPU = Debug|Any CPU
		Release|Any CPU = Release|Any CPU
	EndGlobalSection
	GlobalSection(ProjectConfigurationPlatforms) = postSolution
		{43C84DA8-985E-46AE-8603-7B2F76F5C12E}.Debug|Any CPU.ActiveCfg = Debug|Any CPU
		{43C84DA8-985E-46AE-8603-7B2F76F5C12E}.Debug|Any CPU.Build.0 = Debug|Any CPU
		{43C84DA8-985E-46AE-8603-7B2F76F5C12E}.Release|Any CPU.ActiveCfg = Release|Any CPU
		{43C84DA8-985E-46AE-8603-7B2F76F5C12E}.Release|Any CPU.Build.0 = Release|Any CPU
		{04D927BC-F1EC-4F0D-A0FF-CC8FB0D33906}.Debug|Any CPU.ActiveCfg = Debug|Any CPU
		{04D927BC-F1EC-4F0D-A0FF-CC8FB0D33906}.Debug|Any CPU.Build.0 = Debug|Any CPU
		{04D927BC-F1EC-4F0D-A0FF-CC8FB0D33906}.Release|Any CPU.ActiveCfg = Release|Any CPU
		{04D927BC-F1EC-4F0D-A0FF-CC8FB0D33906}.Release|Any CPU.Build.0 = Release|Any CPU
		{E439935D-B2A2-46AE-856D-2AA408428F33}.Debug|Any CPU.ActiveCfg = Debug|Any CPU
		{E439935D-B2A2-46AE-856D-2AA408428F33}.Release|Any CPU.ActiveCfg = Release|Any CPU
	EndGlobalSection
	GlobalSection(SolutionProperties) = preSolution
		HideSolutionNode = FALSE
	EndGlobalSection
	GlobalSection(ExtensibilityGlobals) = postSolution
		SolutionGuid = {D513736F-3C92-41C6-A7EA-E6644D180615}
	EndGlobalSection
EndGlobal
